
Microsoft Visual Studio Solution File, Format Version 12.00
# Visual Studio Version 16
VisualStudioVersion = 16.0.29911.84
MinimumVisualStudioVersion = 10.0.40219.1
Project("{FAE04EC0-301F-11D3-BF4B-00C04F79EFBC}") = "asp-mvc", "asp-mvc.csproj", "{BBB86EA7-C4BD-425F-9257-808163290FEC}"
EndProject
Global
	GlobalSection(SolutionConfigurationPlatforms) = preSolution
		Debug|Any CPU = Debug|Any CPU
		Release|Any CPU = Release|Any CPU
	EndGlobalSection
	GlobalSection(ProjectConfigurationPlatforms) = postSolution
		{BBB86EA7-C4BD-425F-9257-808163290FEC}.Debug|Any CPU.ActiveCfg = Debug|Any CPU
		{BBB86EA7-C4BD-425F-9257-808163290FEC}.Debug|Any CPU.Build.0 = Debug|Any CPU
		{BBB86EA7-C4BD-425F-9257-808163290FEC}.Release|Any CPU.ActiveCfg = Release|Any CPU
		{BBB86EA7-C4BD-425F-9257-808163290FEC}.Release|Any CPU.Build.0 = Release|Any CPU
	EndGlobalSection
	GlobalSection(SolutionProperties) = preSolution
		HideSolutionNode = FALSE
	EndGlobalSection
	GlobalSection(ExtensibilityGlobals) = postSolution
		SolutionGuid = {78F3F030-E17B-4294-93CC-5078EBF82341}
	EndGlobalSection
EndGlobal
